// !$*UTF8*$!
{
	archiveVersion = 1;
	classes = {
	};
	objectVersion = 51;
	objects = {

/* Begin PBXBuildFile section */
		6CC77D8092BB3ED0F3CFEAC9 /* Pods_InstagramFirestore.framework in Frameworks */ = {isa = PBXBuildFile; fileRef = DF809CC9C99F75A6C039E244 /* Pods_InstagramFirestore.framework */; };
		C40024C425FF362300E5763A /* AppDelegate.swift in Sources */ = {isa = PBXBuildFile; fileRef = C40024C325FF362300E5763A /* AppDelegate.swift */; };
		C40024C625FF362300E5763A /* SceneDelegate.swift in Sources */ = {isa = PBXBuildFile; fileRef = C40024C525FF362300E5763A /* SceneDelegate.swift */; };
		C40024C825FF362300E5763A /* ViewController.swift in Sources */ = {isa = PBXBuildFile; fileRef = C40024C725FF362300E5763A /* ViewController.swift */; };
		C40024CB25FF362300E5763A /* Main.storyboard in Resources */ = {isa = PBXBuildFile; fileRef = C40024C925FF362300E5763A /* Main.storyboard */; };
		C40024CD25FF362500E5763A /* Assets.xcassets in Resources */ = {isa = PBXBuildFile; fileRef = C40024CC25FF362500E5763A /* Assets.xcassets */; };
		C40024D025FF362500E5763A /* LaunchScreen.storyboard in Resources */ = {isa = PBXBuildFile; fileRef = C40024CE25FF362500E5763A /* LaunchScreen.storyboard */; };
		C40024E525FF374A00E5763A /* MainTabController.swift in Sources */ = {isa = PBXBuildFile; fileRef = C40024E425FF374A00E5763A /* MainTabController.swift */; };
		C40024E825FF3B5E00E5763A /* FeedController.swift in Sources */ = {isa = PBXBuildFile; fileRef = C40024E725FF3B5E00E5763A /* FeedController.swift */; };
		C40024EB25FF3B7000E5763A /* SearchController.swift in Sources */ = {isa = PBXBuildFile; fileRef = C40024EA25FF3B7000E5763A /* SearchController.swift */; };
		C40024EE25FF3B8300E5763A /* ImageSelectorController.swift in Sources */ = {isa = PBXBuildFile; fileRef = C40024ED25FF3B8300E5763A /* ImageSelectorController.swift */; };
		C40024F125FF3B8F00E5763A /* NotificationController.swift in Sources */ = {isa = PBXBuildFile; fileRef = C40024F025FF3B8F00E5763A /* NotificationController.swift */; };
		C40024F425FF3BA700E5763A /* ProfileController.swift in Sources */ = {isa = PBXBuildFile; fileRef = C40024F325FF3BA700E5763A /* ProfileController.swift */; };
		C426D39625FFA5E600AE15E9 /* LoginController.swift in Sources */ = {isa = PBXBuildFile; fileRef = C426D39525FFA5E600AE15E9 /* LoginController.swift */; };
		C426D39925FFA5EF00AE15E9 /* RegisterController.swift in Sources */ = {isa = PBXBuildFile; fileRef = C426D39825FFA5EF00AE15E9 /* RegisterController.swift */; };
		C462D46A2601A11800469EC0 /* GoogleService-Info.plist in Resources */ = {isa = PBXBuildFile; fileRef = C462D4692601A11800469EC0 /* GoogleService-Info.plist */; };
		C4650EE02600D07600D278A7 /* AuthenticationViewModel.swift in Sources */ = {isa = PBXBuildFile; fileRef = C4650EDA2600C76700D278A7 /* AuthenticationViewModel.swift */; };
		C46E05E5260053F600DF6945 /* CustomTextField.swift in Sources */ = {isa = PBXBuildFile; fileRef = C46E05E4260053F600DF6945 /* CustomTextField.swift */; };
		C46E05E926005AA800DF6945 /* UIButton.swift in Sources */ = {isa = PBXBuildFile; fileRef = C46E05E826005AA800DF6945 /* UIButton.swift */; };
		C49846EB25FF675500EDD2F2 /* FeedCell.swift in Sources */ = {isa = PBXBuildFile; fileRef = C49846EA25FF675500EDD2F2 /* FeedCell.swift */; };
		C49846F225FF689600EDD2F2 /* UIViewController.swift in Sources */ = {isa = PBXBuildFile; fileRef = C49846F125FF689600EDD2F2 /* UIViewController.swift */; };
		C4C2EA192601AF6000FE2527 /* ImageUploader.swift in Sources */ = {isa = PBXBuildFile; fileRef = C4C2EA182601AF6000FE2527 /* ImageUploader.swift */; };
		C4C2EA1C2601AF6A00FE2527 /* AuthService.swift in Sources */ = {isa = PBXBuildFile; fileRef = C4C2EA1B2601AF6A00FE2527 /* AuthService.swift */; };
		C4C2EA222601D75700FE2527 /* Constants.swift in Sources */ = {isa = PBXBuildFile; fileRef = C4C2EA212601D75700FE2527 /* Constants.swift */; };
/* End PBXBuildFile section */

/* Begin PBXFileReference section */
		3CE584D449F96236B73C0B2E /* Pods-InstagramFirestore.release.xcconfig */ = {isa = PBXFileReference; includeInIndex = 1; lastKnownFileType = text.xcconfig; name = "Pods-InstagramFirestore.release.xcconfig"; path = "Target Support Files/Pods-InstagramFirestore/Pods-InstagramFirestore.release.xcconfig"; sourceTree = "<group>"; };
		861EC29B60F3A7EC5A83AE8B /* Pods-InstagramFirestore.debug.xcconfig */ = {isa = PBXFileReference; includeInIndex = 1; lastKnownFileType = text.xcconfig; name = "Pods-InstagramFirestore.debug.xcconfig"; path = "Target Support Files/Pods-InstagramFirestore/Pods-InstagramFirestore.debug.xcconfig"; sourceTree = "<group>"; };
		C40024C025FF362300E5763A /* InstagramFirestore.app */ = {isa = PBXFileReference; explicitFileType = wrapper.application; includeInIndex = 0; path = InstagramFirestore.app; sourceTree = BUILT_PRODUCTS_DIR; };
		C40024C325FF362300E5763A /* AppDelegate.swift */ = {isa = PBXFileReference; lastKnownFileType = sourcecode.swift; path = AppDelegate.swift; sourceTree = "<group>"; };
		C40024C525FF362300E5763A /* SceneDelegate.swift */ = {isa = PBXFileReference; lastKnownFileType = sourcecode.swift; path = SceneDelegate.swift; sourceTree = "<group>"; };
		C40024C725FF362300E5763A /* ViewController.swift */ = {isa = PBXFileReference; lastKnownFileType = sourcecode.swift; path = ViewController.swift; sourceTree = "<group>"; };
		C40024CA25FF362300E5763A /* Base */ = {isa = PBXFileReference; lastKnownFileType = file.storyboard; name = Base; path = Base.lproj/Main.storyboard; sourceTree = "<group>"; };
		C40024CC25FF362500E5763A /* Assets.xcassets */ = {isa = PBXFileReference; lastKnownFileType = folder.assetcatalog; path = Assets.xcassets; sourceTree = "<group>"; };
		C40024CF25FF362500E5763A /* Base */ = {isa = PBXFileReference; lastKnownFileType = file.storyboard; name = Base; path = Base.lproj/LaunchScreen.storyboard; sourceTree = "<group>"; };
		C40024D125FF362500E5763A /* Info.plist */ = {isa = PBXFileReference; lastKnownFileType = text.plist.xml; path = Info.plist; sourceTree = "<group>"; };
		C40024E425FF374A00E5763A /* MainTabController.swift */ = {isa = PBXFileReference; lastKnownFileType = sourcecode.swift; path = MainTabController.swift; sourceTree = "<group>"; };
		C40024E725FF3B5E00E5763A /* FeedController.swift */ = {isa = PBXFileReference; lastKnownFileType = sourcecode.swift; path = FeedController.swift; sourceTree = "<group>"; };
		C40024EA25FF3B7000E5763A /* SearchController.swift */ = {isa = PBXFileReference; lastKnownFileType = sourcecode.swift; path = SearchController.swift; sourceTree = "<group>"; };
		C40024ED25FF3B8300E5763A /* ImageSelectorController.swift */ = {isa = PBXFileReference; lastKnownFileType = sourcecode.swift; path = ImageSelectorController.swift; sourceTree = "<group>"; };
		C40024F025FF3B8F00E5763A /* NotificationController.swift */ = {isa = PBXFileReference; lastKnownFileType = sourcecode.swift; path = NotificationController.swift; sourceTree = "<group>"; };
		C40024F325FF3BA700E5763A /* ProfileController.swift */ = {isa = PBXFileReference; lastKnownFileType = sourcecode.swift; path = ProfileController.swift; sourceTree = "<group>"; };
		C426D39525FFA5E600AE15E9 /* LoginController.swift */ = {isa = PBXFileReference; lastKnownFileType = sourcecode.swift; path = LoginController.swift; sourceTree = "<group>"; };
		C426D39825FFA5EF00AE15E9 /* RegisterController.swift */ = {isa = PBXFileReference; lastKnownFileType = sourcecode.swift; path = RegisterController.swift; sourceTree = "<group>"; };
		C462D4692601A11800469EC0 /* GoogleService-Info.plist */ = {isa = PBXFileReference; fileEncoding = 4; lastKnownFileType = text.plist.xml; name = "GoogleService-Info.plist"; path = "../../../../Users/myrondulay/Downloads/GoogleService-Info.plist"; sourceTree = "<group>"; };
		C4650EDA2600C76700D278A7 /* AuthenticationViewModel.swift */ = {isa = PBXFileReference; lastKnownFileType = sourcecode.swift; path = AuthenticationViewModel.swift; sourceTree = "<group>"; };
		C46E05E4260053F600DF6945 /* CustomTextField.swift */ = {isa = PBXFileReference; lastKnownFileType = sourcecode.swift; path = CustomTextField.swift; sourceTree = "<group>"; };
		C46E05E826005AA800DF6945 /* UIButton.swift */ = {isa = PBXFileReference; lastKnownFileType = sourcecode.swift; path = UIButton.swift; sourceTree = "<group>"; };
		C49846EA25FF675500EDD2F2 /* FeedCell.swift */ = {isa = PBXFileReference; lastKnownFileType = sourcecode.swift; path = FeedCell.swift; sourceTree = "<group>"; };
		C49846F125FF689600EDD2F2 /* UIViewController.swift */ = {isa = PBXFileReference; fileEncoding = 4; lastKnownFileType = sourcecode.swift; name = UIViewController.swift; path = ../../../../Downloads/Safari/UIViewController.swift; sourceTree = "<group>"; };
		C4C2EA182601AF6000FE2527 /* ImageUploader.swift */ = {isa = PBXFileReference; lastKnownFileType = sourcecode.swift; path = ImageUploader.swift; sourceTree = "<group>"; };
		C4C2EA1B2601AF6A00FE2527 /* AuthService.swift */ = {isa = PBXFileReference; lastKnownFileType = sourcecode.swift; path = AuthService.swift; sourceTree = "<group>"; };
		C4C2EA212601D75700FE2527 /* Constants.swift */ = {isa = PBXFileReference; lastKnownFileType = sourcecode.swift; path = Constants.swift; sourceTree = "<group>"; };
		DF809CC9C99F75A6C039E244 /* Pods_InstagramFirestore.framework */ = {isa = PBXFileReference; explicitFileType = wrapper.framework; includeInIndex = 0; path = Pods_InstagramFirestore.framework; sourceTree = BUILT_PRODUCTS_DIR; };
/* End PBXFileReference section */

/* Begin PBXFrameworksBuildPhase section */
		C40024BD25FF362300E5763A /* Frameworks */ = {
			isa = PBXFrameworksBuildPhase;
			buildActionMask = 2147483647;
			files = (
				6CC77D8092BB3ED0F3CFEAC9 /* Pods_InstagramFirestore.framework in Frameworks */,
			);
			runOnlyForDeploymentPostprocessing = 0;
		};
/* End PBXFrameworksBuildPhase section */

/* Begin PBXGroup section */
		B07DCA4E4D3DA38659587275 /* Pods */ = {
			isa = PBXGroup;
			children = (
				861EC29B60F3A7EC5A83AE8B /* Pods-InstagramFirestore.debug.xcconfig */,
				3CE584D449F96236B73C0B2E /* Pods-InstagramFirestore.release.xcconfig */,
			);
			path = Pods;
			sourceTree = "<group>";
		};
		C40024B725FF362300E5763A = {
			isa = PBXGroup;
			children = (
				C40024C225FF362300E5763A /* InstagramFirestore */,
				C462D4692601A11800469EC0 /* GoogleService-Info.plist */,
				C40024C125FF362300E5763A /* Products */,
				B07DCA4E4D3DA38659587275 /* Pods */,
				CC2DD8A17015D29193570C7A /* Frameworks */,
			);
			sourceTree = "<group>";
		};
		C40024C125FF362300E5763A /* Products */ = {
			isa = PBXGroup;
			children = (
				C40024C025FF362300E5763A /* InstagramFirestore.app */,
			);
			name = Products;
			sourceTree = "<group>";
		};
		C40024C225FF362300E5763A /* InstagramFirestore */ = {
			isa = PBXGroup;
			children = (
				C40024E125FF36B000E5763A /* Models */,
				C40024DE25FF369300E5763A /* Views */,
				C40024DA25FF365C00E5763A /* View Models */,
				C40024D925FF365300E5763A /* Controllers */,
				C40024E025FF36AD00E5763A /* API */,
				C40024E225FF36EE00E5763A /* Utils + Extensions */,
				C40024C325FF362300E5763A /* AppDelegate.swift */,
				C40024C525FF362300E5763A /* SceneDelegate.swift */,
				C40024C725FF362300E5763A /* ViewController.swift */,
				C40024C925FF362300E5763A /* Main.storyboard */,
				C40024CC25FF362500E5763A /* Assets.xcassets */,
				C40024CE25FF362500E5763A /* LaunchScreen.storyboard */,
				C40024D125FF362500E5763A /* Info.plist */,
				C4C2EA212601D75700FE2527 /* Constants.swift */,
			);
			path = InstagramFirestore;
			sourceTree = "<group>";
		};
		C40024D925FF365300E5763A /* Controllers */ = {
			isa = PBXGroup;
			children = (
				C426D39425FFA5DC00AE15E9 /* Authentication */,
				C40024E425FF374A00E5763A /* MainTabController.swift */,
				C40024E725FF3B5E00E5763A /* FeedController.swift */,
				C40024EA25FF3B7000E5763A /* SearchController.swift */,
				C40024ED25FF3B8300E5763A /* ImageSelectorController.swift */,
				C40024F025FF3B8F00E5763A /* NotificationController.swift */,
				C40024F325FF3BA700E5763A /* ProfileController.swift */,
			);
			name = Controllers;
			path = "New Group/Controllers";
			sourceTree = "<group>";
		};
		C40024DA25FF365C00E5763A /* View Models */ = {
			isa = PBXGroup;
			children = (
				C4650EDA2600C76700D278A7 /* AuthenticationViewModel.swift */,
			);
			path = "View Models";
			sourceTree = "<group>";
		};
		C40024DE25FF369300E5763A /* Views */ = {
			isa = PBXGroup;
			children = (
				C49846EA25FF675500EDD2F2 /* FeedCell.swift */,
				C46E05E4260053F600DF6945 /* CustomTextField.swift */,
			);
			path = Views;
			sourceTree = "<group>";
		};
		C40024E025FF36AD00E5763A /* API */ = {
			isa = PBXGroup;
			children = (
				C4C2EA182601AF6000FE2527 /* ImageUploader.swift */,
				C4C2EA1B2601AF6A00FE2527 /* AuthService.swift */,
			);
			path = API;
			sourceTree = "<group>";
		};
		C40024E125FF36B000E5763A /* Models */ = {
			isa = PBXGroup;
			children = (
			);
			path = Models;
			sourceTree = "<group>";
		};
		C40024E225FF36EE00E5763A /* Utils + Extensions */ = {
			isa = PBXGroup;
			children = (
				C49846F125FF689600EDD2F2 /* UIViewController.swift */,
				C46E05E826005AA800DF6945 /* UIButton.swift */,
			);
			path = "Utils + Extensions";
			sourceTree = "<group>";
		};
		C426D39425FFA5DC00AE15E9 /* Authentication */ = {
			isa = PBXGroup;
			children = (
				C426D39525FFA5E600AE15E9 /* LoginController.swift */,
				C426D39825FFA5EF00AE15E9 /* RegisterController.swift */,
			);
			path = Authentication;
			sourceTree = "<group>";
		};
		CC2DD8A17015D29193570C7A /* Frameworks */ = {
			isa = PBXGroup;
			children = (
				DF809CC9C99F75A6C039E244 /* Pods_InstagramFirestore.framework */,
			);
			name = Frameworks;
			sourceTree = "<group>";
		};
/* End PBXGroup section */

/* Begin PBXNativeTarget section */
		C40024BF25FF362300E5763A /* InstagramFirestore */ = {
			isa = PBXNativeTarget;
			buildConfigurationList = C40024D425FF362500E5763A /* Build configuration list for PBXNativeTarget "InstagramFirestore" */;
			buildPhases = (
				9091B14EFC5A3854164344E4 /* [CP] Check Pods Manifest.lock */,
				C40024BC25FF362300E5763A /* Sources */,
				C40024BD25FF362300E5763A /* Frameworks */,
				C40024BE25FF362300E5763A /* Resources */,
				1417E04BC6A2207B7DD5693B /* [CP] Embed Pods Frameworks */,
			);
			buildRules = (
			);
			dependencies = (
			);
			name = InstagramFirestore;
			productName = InstagramFirestore;
			productReference = C40024C025FF362300E5763A /* InstagramFirestore.app */;
			productType = "com.apple.product-type.application";
		};
/* End PBXNativeTarget section */

/* Begin PBXProject section */
		C40024B825FF362300E5763A /* Project object */ = {
			isa = PBXProject;
			attributes = {
				LastSwiftUpdateCheck = 1240;
				LastUpgradeCheck = 1240;
				TargetAttributes = {
					C40024BF25FF362300E5763A = {
						CreatedOnToolsVersion = 12.4;
					};
				};
			};
			buildConfigurationList = C40024BB25FF362300E5763A /* Build configuration list for PBXProject "InstagramFirestore" */;
			compatibilityVersion = "Xcode 9.3";
			developmentRegion = en;
			hasScannedForEncodings = 0;
			knownRegions = (
				en,
				Base,
			);
			mainGroup = C40024B725FF362300E5763A;
			productRefGroup = C40024C125FF362300E5763A /* Products */;
			projectDirPath = "";
			projectRoot = "";
			targets = (
				C40024BF25FF362300E5763A /* InstagramFirestore */,
			);
		};
/* End PBXProject section */

/* Begin PBXResourcesBuildPhase section */
		C40024BE25FF362300E5763A /* Resources */ = {
			isa = PBXResourcesBuildPhase;
			buildActionMask = 2147483647;
			files = (
				C40024D025FF362500E5763A /* LaunchScreen.storyboard in Resources */,
				C462D46A2601A11800469EC0 /* GoogleService-Info.plist in Resources */,
				C40024CD25FF362500E5763A /* Assets.xcassets in Resources */,
				C40024CB25FF362300E5763A /* Main.storyboard in Resources */,
			);
			runOnlyForDeploymentPostprocessing = 0;
		};
/* End PBXResourcesBuildPhase section */

/* Begin PBXShellScriptBuildPhase section */
		1417E04BC6A2207B7DD5693B /* [CP] Embed Pods Frameworks */ = {
			isa = PBXShellScriptBuildPhase;
			buildActionMask = 2147483647;
			files = (
			);
			inputFileListPaths = (
				"${PODS_ROOT}/Target Support Files/Pods-InstagramFirestore/Pods-InstagramFirestore-frameworks-${CONFIGURATION}-input-files.xcfilelist",
			);
			name = "[CP] Embed Pods Frameworks";
			outputFileListPaths = (
				"${PODS_ROOT}/Target Support Files/Pods-InstagramFirestore/Pods-InstagramFirestore-frameworks-${CONFIGURATION}-output-files.xcfilelist",
			);
			runOnlyForDeploymentPostprocessing = 0;
			shellPath = /bin/sh;
			shellScript = "\"${PODS_ROOT}/Target Support Files/Pods-InstagramFirestore/Pods-InstagramFirestore-frameworks.sh\"\n";
			showEnvVarsInLog = 0;
		};
		9091B14EFC5A3854164344E4 /* [CP] Check Pods Manifest.lock */ = {
			isa = PBXShellScriptBuildPhase;
			buildActionMask = 2147483647;
			files = (
			);
			inputFileListPaths = (
			);
			inputPaths = (
				"${PODS_PODFILE_DIR_PATH}/Podfile.lock",
				"${PODS_ROOT}/Manifest.lock",
			);
			name = "[CP] Check Pods Manifest.lock";
			outputFileListPaths = (
			);
			outputPaths = (
				"$(DERIVED_FILE_DIR)/Pods-InstagramFirestore-checkManifestLockResult.txt",
			);
			runOnlyForDeploymentPostprocessing = 0;
			shellPath = /bin/sh;
			shellScript = "diff \"${PODS_PODFILE_DIR_PATH}/Podfile.lock\" \"${PODS_ROOT}/Manifest.lock\" > /dev/null\nif [ $? != 0 ] ; then\n    # print error to STDERR\n    echo \"error: The sandbox is not in sync with the Podfile.lock. Run 'pod install' or update your CocoaPods installation.\" >&2\n    exit 1\nfi\n# This output is used by Xcode 'outputs' to avoid re-running this script phase.\necho \"SUCCESS\" > \"${SCRIPT_OUTPUT_FILE_0}\"\n";
			showEnvVarsInLog = 0;
		};
/* End PBXShellScriptBuildPhase section */

/* Begin PBXSourcesBuildPhase section */
		C40024BC25FF362300E5763A /* Sources */ = {
			isa = PBXSourcesBuildPhase;
			buildActionMask = 2147483647;
			files = (
				C46E05E5260053F600DF6945 /* CustomTextField.swift in Sources */,
				C4C2EA222601D75700FE2527 /* Constants.swift in Sources */,
				C40024C825FF362300E5763A /* ViewController.swift in Sources */,
				C4C2EA192601AF6000FE2527 /* ImageUploader.swift in Sources */,
				C4C2EA1C2601AF6A00FE2527 /* AuthService.swift in Sources */,
				C426D39925FFA5EF00AE15E9 /* RegisterController.swift in Sources */,
				C426D39625FFA5E600AE15E9 /* LoginController.swift in Sources */,
				C4650EE02600D07600D278A7 /* AuthenticationViewModel.swift in Sources */,
				C49846EB25FF675500EDD2F2 /* FeedCell.swift in Sources */,
				C46E05E926005AA800DF6945 /* UIButton.swift in Sources */,
				C40024EE25FF3B8300E5763A /* ImageSelectorController.swift in Sources */,
				C40024F125FF3B8F00E5763A /* NotificationController.swift in Sources */,
				C40024EB25FF3B7000E5763A /* SearchController.swift in Sources */,
				C40024C425FF362300E5763A /* AppDelegate.swift in Sources */,
				C40024F425FF3BA700E5763A /* ProfileController.swift in Sources */,
				C40024E825FF3B5E00E5763A /* FeedController.swift in Sources */,
				C40024E525FF374A00E5763A /* MainTabController.swift in Sources */,
				C49846F225FF689600EDD2F2 /* UIViewController.swift in Sources */,
				C40024C625FF362300E5763A /* SceneDelegate.swift in Sources */,
			);
			runOnlyForDeploymentPostprocessing = 0;
		};
/* End PBXSourcesBuildPhase section */

/* Begin PBXVariantGroup section */
		C40024C925FF362300E5763A /* Main.storyboard */ = {
			isa = PBXVariantGroup;
			children = (
				C40024CA25FF362300E5763A /* Base */,
			);
			name = Main.storyboard;
			sourceTree = "<group>";
		};
		C40024CE25FF362500E5763A /* LaunchScreen.storyboard */ = {
			isa = PBXVariantGroup;
			children = (
				C40024CF25FF362500E5763A /* Base */,
			);
			name = LaunchScreen.storyboard;
			sourceTree = "<group>";
		};
/* End PBXVariantGroup section */

/* Begin XCBuildConfiguration section */
		C40024D225FF362500E5763A /* Debug */ = {
			isa = XCBuildConfiguration;
			buildSettings = {
				ALWAYS_SEARCH_USER_PATHS = NO;
				CLANG_ANALYZER_NONNULL = YES;
				CLANG_ANALYZER_NUMBER_OBJECT_CONVERSION = YES_AGGRESSIVE;
				CLANG_CXX_LANGUAGE_STANDARD = "gnu++14";
				CLANG_CXX_LIBRARY = "libc++";
				CLANG_ENABLE_MODULES = YES;
				CLANG_ENABLE_OBJC_ARC = YES;
				CLANG_ENABLE_OBJC_WEAK = YES;
				CLANG_WARN_BLOCK_CAPTURE_AUTORELEASING = YES;
				CLANG_WARN_BOOL_CONVERSION = YES;
				CLANG_WARN_COMMA = YES;
				CLANG_WARN_CONSTANT_CONVERSION = YES;
				CLANG_WARN_DEPRECATED_OBJC_IMPLEMENTATIONS = YES;
				CLANG_WARN_DIRECT_OBJC_ISA_USAGE = YES_ERROR;
				CLANG_WARN_DOCUMENTATION_COMMENTS = YES;
				CLANG_WARN_EMPTY_BODY = YES;
				CLANG_WARN_ENUM_CONVERSION = YES;
				CLANG_WARN_INFINITE_RECURSION = YES;
				CLANG_WARN_INT_CONVERSION = YES;
				CLANG_WARN_NON_LITERAL_NULL_CONVERSION = YES;
				CLANG_WARN_OBJC_IMPLICIT_RETAIN_SELF = YES;
				CLANG_WARN_OBJC_LITERAL_CONVERSION = YES;
				CLANG_WARN_OBJC_ROOT_CLASS = YES_ERROR;
				CLANG_WARN_QUOTED_INCLUDE_IN_FRAMEWORK_HEADER = YES;
				CLANG_WARN_RANGE_LOOP_ANALYSIS = YES;
				CLANG_WARN_STRICT_PROTOTYPES = YES;
				CLANG_WARN_SUSPICIOUS_MOVE = YES;
				CLANG_WARN_UNGUARDED_AVAILABILITY = YES_AGGRESSIVE;
				CLANG_WARN_UNREACHABLE_CODE = YES;
				CLANG_WARN__DUPLICATE_METHOD_MATCH = YES;
				COPY_PHASE_STRIP = NO;
				DEBUG_INFORMATION_FORMAT = dwarf;
				ENABLE_STRICT_OBJC_MSGSEND = YES;
				ENABLE_TESTABILITY = YES;
				GCC_C_LANGUAGE_STANDARD = gnu11;
				GCC_DYNAMIC_NO_PIC = NO;
				GCC_NO_COMMON_BLOCKS = YES;
				GCC_OPTIMIZATION_LEVEL = 0;
				GCC_PREPROCESSOR_DEFINITIONS = (
					"DEBUG=1",
					"$(inherited)",
				);
				GCC_WARN_64_TO_32_BIT_CONVERSION = YES;
				GCC_WARN_ABOUT_RETURN_TYPE = YES_ERROR;
				GCC_WARN_UNDECLARED_SELECTOR = YES;
				GCC_WARN_UNINITIALIZED_AUTOS = YES_AGGRESSIVE;
				GCC_WARN_UNUSED_FUNCTION = YES;
				GCC_WARN_UNUSED_VARIABLE = YES;
				IPHONEOS_DEPLOYMENT_TARGET = 14.4;
				MTL_ENABLE_DEBUG_INFO = INCLUDE_SOURCE;
				MTL_FAST_MATH = YES;
				ONLY_ACTIVE_ARCH = YES;
				SDKROOT = iphoneos;
				SWIFT_ACTIVE_COMPILATION_CONDITIONS = DEBUG;
				SWIFT_OPTIMIZATION_LEVEL = "-Onone";
			};
			name = Debug;
		};
		C40024D325FF362500E5763A /* Release */ = {
			isa = XCBuildConfiguration;
			buildSettings = {
				ALWAYS_SEARCH_USER_PATHS = NO;
				CLANG_ANALYZER_NONNULL = YES;
				CLANG_ANALYZER_NUMBER_OBJECT_CONVERSION = YES_AGGRESSIVE;
				CLANG_CXX_LANGUAGE_STANDARD = "gnu++14";
				CLANG_CXX_LIBRARY = "libc++";
				CLANG_ENABLE_MODULES = YES;
				CLANG_ENABLE_OBJC_ARC = YES;
				CLANG_ENABLE_OBJC_WEAK = YES;
				CLANG_WARN_BLOCK_CAPTURE_AUTORELEASING = YES;
				CLANG_WARN_BOOL_CONVERSION = YES;
				CLANG_WARN_COMMA = YES;
				CLANG_WARN_CONSTANT_CONVERSION = YES;
				CLANG_WARN_DEPRECATED_OBJC_IMPLEMENTATIONS = YES;
				CLANG_WARN_DIRECT_OBJC_ISA_USAGE = YES_ERROR;
				CLANG_WARN_DOCUMENTATION_COMMENTS = YES;
				CLANG_WARN_EMPTY_BODY = YES;
				CLANG_WARN_ENUM_CONVERSION = YES;
				CLANG_WARN_INFINITE_RECURSION = YES;
				CLANG_WARN_INT_CONVERSION = YES;
				CLANG_WARN_NON_LITERAL_NULL_CONVERSION = YES;
				CLANG_WARN_OBJC_IMPLICIT_RETAIN_SELF = YES;
				CLANG_WARN_OBJC_LITERAL_CONVERSION = YES;
				CLANG_WARN_OBJC_ROOT_CLASS = YES_ERROR;
				CLANG_WARN_QUOTED_INCLUDE_IN_FRAMEWORK_HEADER = YES;
				CLANG_WARN_RANGE_LOOP_ANALYSIS = YES;
				CLANG_WARN_STRICT_PROTOTYPES = YES;
				CLANG_WARN_SUSPICIOUS_MOVE = YES;
				CLANG_WARN_UNGUARDED_AVAILABILITY = YES_AGGRESSIVE;
				CLANG_WARN_UNREACHABLE_CODE = YES;
				CLANG_WARN__DUPLICATE_METHOD_MATCH = YES;
				COPY_PHASE_STRIP = NO;
				DEBUG_INFORMATION_FORMAT = "dwarf-with-dsym";
				ENABLE_NS_ASSERTIONS = NO;
				ENABLE_STRICT_OBJC_MSGSEND = YES;
				GCC_C_LANGUAGE_STANDARD = gnu11;
				GCC_NO_COMMON_BLOCKS = YES;
				GCC_WARN_64_TO_32_BIT_CONVERSION = YES;
				GCC_WARN_ABOUT_RETURN_TYPE = YES_ERROR;
				GCC_WARN_UNDECLARED_SELECTOR = YES;
				GCC_WARN_UNINITIALIZED_AUTOS = YES_AGGRESSIVE;
				GCC_WARN_UNUSED_FUNCTION = YES;
				GCC_WARN_UNUSED_VARIABLE = YES;
				IPHONEOS_DEPLOYMENT_TARGET = 14.4;
				MTL_ENABLE_DEBUG_INFO = NO;
				MTL_FAST_MATH = YES;
				SDKROOT = iphoneos;
				SWIFT_COMPILATION_MODE = wholemodule;
				SWIFT_OPTIMIZATION_LEVEL = "-O";
				VALIDATE_PRODUCT = YES;
			};
			name = Release;
		};
		C40024D525FF362500E5763A /* Debug */ = {
			isa = XCBuildConfiguration;
			baseConfigurationReference = 861EC29B60F3A7EC5A83AE8B /* Pods-InstagramFirestore.debug.xcconfig */;
			buildSettings = {
				ASSETCATALOG_COMPILER_APPICON_NAME = AppIcon;
				ASSETCATALOG_COMPILER_GLOBAL_ACCENT_COLOR_NAME = AccentColor;
				CODE_SIGN_STYLE = Automatic;
				DEVELOPMENT_TEAM = Q8WR79NDSZ;
				INFOPLIST_FILE = InstagramFirestore/Info.plist;
				LD_RUNPATH_SEARCH_PATHS = (
					"$(inherited)",
					"@executable_path/Frameworks",
				);
				PRODUCT_BUNDLE_IDENTIFIER = com.myrondulay.InstagramFirestore;
				PRODUCT_NAME = "$(TARGET_NAME)";
				SWIFT_VERSION = 5.0;
				TARGETED_DEVICE_FAMILY = "1,2";
			};
			name = Debug;
		};
		C40024D625FF362500E5763A /* Release */ = {
			isa = XCBuildConfiguration;
			baseConfigurationReference = 3CE584D449F96236B73C0B2E /* Pods-InstagramFirestore.release.xcconfig */;
			buildSettings = {
				ASSETCATALOG_COMPILER_APPICON_NAME = AppIcon;
				ASSETCATALOG_COMPILER_GLOBAL_ACCENT_COLOR_NAME = AccentColor;
				CODE_SIGN_STYLE = Automatic;
				DEVELOPMENT_TEAM = Q8WR79NDSZ;
				INFOPLIST_FILE = InstagramFirestore/Info.plist;
				LD_RUNPATH_SEARCH_PATHS = (
					"$(inherited)",
					"@executable_path/Frameworks",
				);
				PRODUCT_BUNDLE_IDENTIFIER = com.myrondulay.InstagramFirestore;
				PRODUCT_NAME = "$(TARGET_NAME)";
				SWIFT_VERSION = 5.0;
				TARGETED_DEVICE_FAMILY = "1,2";
			};
			name = Release;
		};
/* End XCBuildConfiguration section */

/* Begin XCConfigurationList section */
		C40024BB25FF362300E5763A /* Build configuration list for PBXProject "InstagramFirestore" */ = {
			isa = XCConfigurationList;
			buildConfigurations = (
				C40024D225FF362500E5763A /* Debug */,
				C40024D325FF362500E5763A /* Release */,
			);
			defaultConfigurationIsVisible = 0;
			defaultConfigurationName = Release;
		};
		C40024D425FF362500E5763A /* Build configuration list for PBXNativeTarget "InstagramFirestore" */ = {
			isa = XCConfigurationList;
			buildConfigurations = (
				C40024D525FF362500E5763A /* Debug */,
				C40024D625FF362500E5763A /* Release */,
			);
			defaultConfigurationIsVisible = 0;
			defaultConfigurationName = Release;
		};
/* End XCConfigurationList section */
	};
	rootObject = C40024B825FF362300E5763A /* Project object */;
}
