// !$*UTF8*$!
{
	archiveVersion = 1;
	classes = {
	};
	objectVersion = 51;
	objects = {

/* Begin PBXBuildFile section */
		6CC77D8092BB3ED0F3CFEAC9 /* Pods_InstagramFirestore.framework in Frameworks */ = {isa = PBXBuildFile; fileRef = DF809CC9C99F75A6C039E244 /* Pods_InstagramFirestore.framework */; };
		C40024C425FF362300E5763A /* AppDelegate.swift in Sources */ = {isa = PBXBuildFile; fileRef = C40024C325FF362300E5763A /* AppDelegate.swift */; };
		C40024C625FF362300E5763A /* SceneDelegate.swift in Sources */ = {isa = PBXBuildFile; fileRef = C40024C525FF362300E5763A /* SceneDelegate.swift */; };
		C40024CD25FF362500E5763A /* Assets.xcassets in Resources */ = {isa = PBXBuildFile; fileRef = C40024CC25FF362500E5763A /* Assets.xcassets */; };
		C40024D025FF362500E5763A /* LaunchScreen.storyboard in Resources */ = {isa = PBXBuildFile; fileRef = C40024CE25FF362500E5763A /* LaunchScreen.storyboard */; };
		C40024E525FF374A00E5763A /* MainTabController.swift in Sources */ = {isa = PBXBuildFile; fileRef = C40024E425FF374A00E5763A /* MainTabController.swift */; };
		C40024E825FF3B5E00E5763A /* FeedController.swift in Sources */ = {isa = PBXBuildFile; fileRef = C40024E725FF3B5E00E5763A /* FeedController.swift */; };
		C40024EB25FF3B7000E5763A /* SearchController.swift in Sources */ = {isa = PBXBuildFile; fileRef = C40024EA25FF3B7000E5763A /* SearchController.swift */; };
		C40024EE25FF3B8300E5763A /* ImageSelectorController.swift in Sources */ = {isa = PBXBuildFile; fileRef = C40024ED25FF3B8300E5763A /* ImageSelectorController.swift */; };
		C40024F125FF3B8F00E5763A /* NotificationController.swift in Sources */ = {isa = PBXBuildFile; fileRef = C40024F025FF3B8F00E5763A /* NotificationController.swift */; };
		C40024F425FF3BA700E5763A /* ProfileController.swift in Sources */ = {isa = PBXBuildFile; fileRef = C40024F325FF3BA700E5763A /* ProfileController.swift */; };
		C426D39625FFA5E600AE15E9 /* LoginController.swift in Sources */ = {isa = PBXBuildFile; fileRef = C426D39525FFA5E600AE15E9 /* LoginController.swift */; };
		C426D39925FFA5EF00AE15E9 /* RegisterController.swift in Sources */ = {isa = PBXBuildFile; fileRef = C426D39825FFA5EF00AE15E9 /* RegisterController.swift */; };
		C43EAA61261993B1006DD595 /* Comment.swift in Sources */ = {isa = PBXBuildFile; fileRef = C43EAA60261993B1006DD595 /* Comment.swift */; };
		C43EAA6526199AD4006DD595 /* CommentViewModel.swift in Sources */ = {isa = PBXBuildFile; fileRef = C43EAA6426199AD4006DD595 /* CommentViewModel.swift */; };
		C457CBC9260D8CF700D4651F /* InstagramFirestoreTest.swift in Sources */ = {isa = PBXBuildFile; fileRef = C457CBC8260D8CF700D4651F /* InstagramFirestoreTest.swift */; };
		C460684826033FCE0066EA90 /* UserService.swift in Sources */ = {isa = PBXBuildFile; fileRef = C460684726033FCE0066EA90 /* UserService.swift */; };
		C4606850260340C90066EA90 /* Constants.swift in Sources */ = {isa = PBXBuildFile; fileRef = C4C2EA212601D75700FE2527 /* Constants.swift */; };
		C4606876260343CB0066EA90 /* User.swift in Sources */ = {isa = PBXBuildFile; fileRef = C4606875260343CB0066EA90 /* User.swift */; };
		C462D46A2601A11800469EC0 /* GoogleService-Info.plist in Resources */ = {isa = PBXBuildFile; fileRef = C462D4692601A11800469EC0 /* GoogleService-Info.plist */; };
		C46351A826171E3200EC18C8 /* .swiftlint.yml in Resources */ = {isa = PBXBuildFile; fileRef = C46351A726171E3200EC18C8 /* .swiftlint.yml */; };
		C4650EE02600D07600D278A7 /* AuthenticationViewModel.swift in Sources */ = {isa = PBXBuildFile; fileRef = C4650EDA2600C76700D278A7 /* AuthenticationViewModel.swift */; };
		C468DC5C261C2DE400BDEAFA /* NotificationViewModel.swift in Sources */ = {isa = PBXBuildFile; fileRef = C468DC56261C24E000BDEAFA /* NotificationViewModel.swift */; };
		C46CFCE4260C53EF000AFAA3 /* PostService.swift in Sources */ = {isa = PBXBuildFile; fileRef = C46CFCE3260C53EF000AFAA3 /* PostService.swift */; };
		C46CFCE7260C913B000AFAA3 /* Post.swift in Sources */ = {isa = PBXBuildFile; fileRef = C46CFCE6260C913B000AFAA3 /* Post.swift */; };
		C46E05E5260053F600DF6945 /* CustomTextField.swift in Sources */ = {isa = PBXBuildFile; fileRef = C46E05E4260053F600DF6945 /* CustomTextField.swift */; };
		C46E05E926005AA800DF6945 /* UIButton.swift in Sources */ = {isa = PBXBuildFile; fileRef = C46E05E826005AA800DF6945 /* UIButton.swift */; };
		C46EB2CE260983F200E4FBF4 /* UserCell.swift in Sources */ = {isa = PBXBuildFile; fileRef = C46EB2CD260983F200E4FBF4 /* UserCell.swift */; };
		C46EB2D8260997C600E4FBF4 /* UserCellViewModel.swift in Sources */ = {isa = PBXBuildFile; fileRef = C46EB2D7260997C600E4FBF4 /* UserCellViewModel.swift */; };
		C4701397261AE5B500403478 /* NotificationCell.swift in Sources */ = {isa = PBXBuildFile; fileRef = C4701396261AE5B500403478 /* NotificationCell.swift */; };
		C470139B261B034D00403478 /* Notification.swift in Sources */ = {isa = PBXBuildFile; fileRef = C470139A261B034D00403478 /* Notification.swift */; };
		C470139F261B1AB200403478 /* NotificationService.swift in Sources */ = {isa = PBXBuildFile; fileRef = C470139E261B1AB200403478 /* NotificationService.swift */; };
		C4792A53260B6E98003C0A24 /* UploadPostController.swift in Sources */ = {isa = PBXBuildFile; fileRef = C4792A52260B6E98003C0A24 /* UploadPostController.swift */; };
		C4792A56260B722D003C0A24 /* InputTextView.swift in Sources */ = {isa = PBXBuildFile; fileRef = C4792A55260B722D003C0A24 /* InputTextView.swift */; };
		C47B9AF12615E7D900B3F3F3 /* PostViewModel.swift in Sources */ = {isa = PBXBuildFile; fileRef = C46CFCE9260CA038000AFAA3 /* PostViewModel.swift */; };
		C47B9AF5261603C100B3F3F3 /* CommentController.swift in Sources */ = {isa = PBXBuildFile; fileRef = C47B9AF4261603C100B3F3F3 /* CommentController.swift */; };
		C47B9AF9261605B200B3F3F3 /* CommentCell.swift in Sources */ = {isa = PBXBuildFile; fileRef = C47B9AF8261605B200B3F3F3 /* CommentCell.swift */; };
		C47C408426188FC000711DD8 /* CommentInputAccessoryView.swift in Sources */ = {isa = PBXBuildFile; fileRef = C47C408326188FC000711DD8 /* CommentInputAccessoryView.swift */; };
		C47C40882618B0B100711DD8 /* CommentService.swift in Sources */ = {isa = PBXBuildFile; fileRef = C47C40872618B0B100711DD8 /* CommentService.swift */; };
		C49846EB25FF675500EDD2F2 /* FeedCell.swift in Sources */ = {isa = PBXBuildFile; fileRef = C49846EA25FF675500EDD2F2 /* FeedCell.swift */; };
		C49846F225FF689600EDD2F2 /* UIViewController.swift in Sources */ = {isa = PBXBuildFile; fileRef = C49846F125FF689600EDD2F2 /* UIViewController.swift */; };
		C4A2C8D5260D931D00E85529 /* MockAuthService.swift in Sources */ = {isa = PBXBuildFile; fileRef = C4A2C8D4260D931D00E85529 /* MockAuthService.swift */; };
		C4C2EA192601AF6000FE2527 /* ImageUploader.swift in Sources */ = {isa = PBXBuildFile; fileRef = C4C2EA182601AF6000FE2527 /* ImageUploader.swift */; };
		C4C2EA1C2601AF6A00FE2527 /* AuthService.swift in Sources */ = {isa = PBXBuildFile; fileRef = C4C2EA1B2601AF6A00FE2527 /* AuthService.swift */; };
		C4C2EA302602394800FE2527 /* ProfileHeader.swift in Sources */ = {isa = PBXBuildFile; fileRef = C4C2EA2F2602394800FE2527 /* ProfileHeader.swift */; };
		C4C2EA3326023CBA00FE2527 /* ProfileCell.swift in Sources */ = {isa = PBXBuildFile; fileRef = C4C2EA2B2602383200FE2527 /* ProfileCell.swift */; };
		C4C2EA362602418D00FE2527 /* CustomImageView.swift in Sources */ = {isa = PBXBuildFile; fileRef = C4C2EA352602418D00FE2527 /* CustomImageView.swift */; };
		C4C2EA3E26024FC500FE2527 /* CustomLabel.swift in Sources */ = {isa = PBXBuildFile; fileRef = C4C2EA3826024E0800FE2527 /* CustomLabel.swift */; };
		C4D7A2A9260355FA00E3D0D2 /* ProfileHeaderViewModel.swift in Sources */ = {isa = PBXBuildFile; fileRef = C4D7A2A8260355FA00E3D0D2 /* ProfileHeaderViewModel.swift */; };
		FED0B2D7BADEFA7B54AC5AF8 /* Pods_InstagramFirestoreTest.framework in Frameworks */ = {isa = PBXBuildFile; fileRef = 68BE9DF3489F9F0D44A4F4D7 /* Pods_InstagramFirestoreTest.framework */; };
/* End PBXBuildFile section */

/* Begin PBXContainerItemProxy section */
		C457CBCB260D8CF700D4651F /* PBXContainerItemProxy */ = {
			isa = PBXContainerItemProxy;
			containerPortal = C40024B825FF362300E5763A /* Project object */;
			proxyType = 1;
			remoteGlobalIDString = C40024BF25FF362300E5763A;
			remoteInfo = InstagramFirestore;
		};
/* End PBXContainerItemProxy section */

/* Begin PBXFileReference section */
		3CE584D449F96236B73C0B2E /* Pods-InstagramFirestore.release.xcconfig */ = {isa = PBXFileReference; includeInIndex = 1; lastKnownFileType = text.xcconfig; name = "Pods-InstagramFirestore.release.xcconfig"; path = "Target Support Files/Pods-InstagramFirestore/Pods-InstagramFirestore.release.xcconfig"; sourceTree = "<group>"; };
		4CD609C737CF20CCA7F43876 /* Pods-InstagramFirestoreTest.release.xcconfig */ = {isa = PBXFileReference; includeInIndex = 1; lastKnownFileType = text.xcconfig; name = "Pods-InstagramFirestoreTest.release.xcconfig"; path = "Target Support Files/Pods-InstagramFirestoreTest/Pods-InstagramFirestoreTest.release.xcconfig"; sourceTree = "<group>"; };
		68BE9DF3489F9F0D44A4F4D7 /* Pods_InstagramFirestoreTest.framework */ = {isa = PBXFileReference; explicitFileType = wrapper.framework; includeInIndex = 0; path = Pods_InstagramFirestoreTest.framework; sourceTree = BUILT_PRODUCTS_DIR; };
		861EC29B60F3A7EC5A83AE8B /* Pods-InstagramFirestore.debug.xcconfig */ = {isa = PBXFileReference; includeInIndex = 1; lastKnownFileType = text.xcconfig; name = "Pods-InstagramFirestore.debug.xcconfig"; path = "Target Support Files/Pods-InstagramFirestore/Pods-InstagramFirestore.debug.xcconfig"; sourceTree = "<group>"; };
		A8CCE8DAF33BEB456172969F /* Pods-InstagramFirestoreTest.debug.xcconfig */ = {isa = PBXFileReference; includeInIndex = 1; lastKnownFileType = text.xcconfig; name = "Pods-InstagramFirestoreTest.debug.xcconfig"; path = "Target Support Files/Pods-InstagramFirestoreTest/Pods-InstagramFirestoreTest.debug.xcconfig"; sourceTree = "<group>"; };
		C40024C025FF362300E5763A /* InstagramFirestore.app */ = {isa = PBXFileReference; explicitFileType = wrapper.application; includeInIndex = 0; path = InstagramFirestore.app; sourceTree = BUILT_PRODUCTS_DIR; };
		C40024C325FF362300E5763A /* AppDelegate.swift */ = {isa = PBXFileReference; lastKnownFileType = sourcecode.swift; path = AppDelegate.swift; sourceTree = "<group>"; };
		C40024C525FF362300E5763A /* SceneDelegate.swift */ = {isa = PBXFileReference; lastKnownFileType = sourcecode.swift; path = SceneDelegate.swift; sourceTree = "<group>"; };
		C40024CC25FF362500E5763A /* Assets.xcassets */ = {isa = PBXFileReference; lastKnownFileType = folder.assetcatalog; path = Assets.xcassets; sourceTree = "<group>"; };
		C40024CF25FF362500E5763A /* Base */ = {isa = PBXFileReference; lastKnownFileType = file.storyboard; name = Base; path = Base.lproj/LaunchScreen.storyboard; sourceTree = "<group>"; };
		C40024D125FF362500E5763A /* Info.plist */ = {isa = PBXFileReference; lastKnownFileType = text.plist.xml; path = Info.plist; sourceTree = "<group>"; };
		C40024E425FF374A00E5763A /* MainTabController.swift */ = {isa = PBXFileReference; lastKnownFileType = sourcecode.swift; path = MainTabController.swift; sourceTree = "<group>"; };
		C40024E725FF3B5E00E5763A /* FeedController.swift */ = {isa = PBXFileReference; lastKnownFileType = sourcecode.swift; path = FeedController.swift; sourceTree = "<group>"; };
		C40024EA25FF3B7000E5763A /* SearchController.swift */ = {isa = PBXFileReference; lastKnownFileType = sourcecode.swift; path = SearchController.swift; sourceTree = "<group>"; };
		C40024ED25FF3B8300E5763A /* ImageSelectorController.swift */ = {isa = PBXFileReference; lastKnownFileType = sourcecode.swift; path = ImageSelectorController.swift; sourceTree = "<group>"; };
		C40024F025FF3B8F00E5763A /* NotificationController.swift */ = {isa = PBXFileReference; lastKnownFileType = sourcecode.swift; path = NotificationController.swift; sourceTree = "<group>"; };
		C40024F325FF3BA700E5763A /* ProfileController.swift */ = {isa = PBXFileReference; lastKnownFileType = sourcecode.swift; path = ProfileController.swift; sourceTree = "<group>"; };
		C426D39525FFA5E600AE15E9 /* LoginController.swift */ = {isa = PBXFileReference; lastKnownFileType = sourcecode.swift; path = LoginController.swift; sourceTree = "<group>"; };
		C426D39825FFA5EF00AE15E9 /* RegisterController.swift */ = {isa = PBXFileReference; lastKnownFileType = sourcecode.swift; path = RegisterController.swift; sourceTree = "<group>"; };
		C43EAA60261993B1006DD595 /* Comment.swift */ = {isa = PBXFileReference; lastKnownFileType = sourcecode.swift; path = Comment.swift; sourceTree = "<group>"; };
		C43EAA6426199AD4006DD595 /* CommentViewModel.swift */ = {isa = PBXFileReference; lastKnownFileType = sourcecode.swift; path = CommentViewModel.swift; sourceTree = "<group>"; };
		C457CBC6260D8CF600D4651F /* InstagramFirestoreTest.xctest */ = {isa = PBXFileReference; explicitFileType = wrapper.cfbundle; includeInIndex = 0; path = InstagramFirestoreTest.xctest; sourceTree = BUILT_PRODUCTS_DIR; };
		C457CBC8260D8CF700D4651F /* InstagramFirestoreTest.swift */ = {isa = PBXFileReference; lastKnownFileType = sourcecode.swift; path = InstagramFirestoreTest.swift; sourceTree = "<group>"; };
		C457CBCA260D8CF700D4651F /* Info.plist */ = {isa = PBXFileReference; lastKnownFileType = text.plist.xml; path = Info.plist; sourceTree = "<group>"; };
		C460684726033FCE0066EA90 /* UserService.swift */ = {isa = PBXFileReference; lastKnownFileType = sourcecode.swift; path = UserService.swift; sourceTree = "<group>"; };
		C4606875260343CB0066EA90 /* User.swift */ = {isa = PBXFileReference; lastKnownFileType = sourcecode.swift; path = User.swift; sourceTree = "<group>"; };
		C462D4692601A11800469EC0 /* GoogleService-Info.plist */ = {isa = PBXFileReference; fileEncoding = 4; lastKnownFileType = text.plist.xml; path = "GoogleService-Info.plist"; sourceTree = "<group>"; };
		C46351A726171E3200EC18C8 /* .swiftlint.yml */ = {isa = PBXFileReference; lastKnownFileType = text.yaml; path = .swiftlint.yml; sourceTree = "<group>"; };
		C4650EDA2600C76700D278A7 /* AuthenticationViewModel.swift */ = {isa = PBXFileReference; lastKnownFileType = sourcecode.swift; path = AuthenticationViewModel.swift; sourceTree = "<group>"; };
		C468DC56261C24E000BDEAFA /* NotificationViewModel.swift */ = {isa = PBXFileReference; lastKnownFileType = sourcecode.swift; path = NotificationViewModel.swift; sourceTree = "<group>"; };
		C46CFCE3260C53EF000AFAA3 /* PostService.swift */ = {isa = PBXFileReference; lastKnownFileType = sourcecode.swift; path = PostService.swift; sourceTree = "<group>"; };
		C46CFCE6260C913B000AFAA3 /* Post.swift */ = {isa = PBXFileReference; lastKnownFileType = sourcecode.swift; path = Post.swift; sourceTree = "<group>"; };
		C46CFCE9260CA038000AFAA3 /* PostViewModel.swift */ = {isa = PBXFileReference; lastKnownFileType = sourcecode.swift; path = PostViewModel.swift; sourceTree = "<group>"; };
		C46E05E4260053F600DF6945 /* CustomTextField.swift */ = {isa = PBXFileReference; lastKnownFileType = sourcecode.swift; path = CustomTextField.swift; sourceTree = "<group>"; };
		C46E05E826005AA800DF6945 /* UIButton.swift */ = {isa = PBXFileReference; lastKnownFileType = sourcecode.swift; path = UIButton.swift; sourceTree = "<group>"; };
		C46EB2CD260983F200E4FBF4 /* UserCell.swift */ = {isa = PBXFileReference; lastKnownFileType = sourcecode.swift; path = UserCell.swift; sourceTree = "<group>"; };
		C46EB2D7260997C600E4FBF4 /* UserCellViewModel.swift */ = {isa = PBXFileReference; lastKnownFileType = sourcecode.swift; path = UserCellViewModel.swift; sourceTree = "<group>"; };
		C4701396261AE5B500403478 /* NotificationCell.swift */ = {isa = PBXFileReference; lastKnownFileType = sourcecode.swift; path = NotificationCell.swift; sourceTree = "<group>"; };
		C470139A261B034D00403478 /* Notification.swift */ = {isa = PBXFileReference; lastKnownFileType = sourcecode.swift; path = Notification.swift; sourceTree = "<group>"; };
		C470139E261B1AB200403478 /* NotificationService.swift */ = {isa = PBXFileReference; lastKnownFileType = sourcecode.swift; path = NotificationService.swift; sourceTree = "<group>"; };
		C4792A52260B6E98003C0A24 /* UploadPostController.swift */ = {isa = PBXFileReference; lastKnownFileType = sourcecode.swift; path = UploadPostController.swift; sourceTree = "<group>"; };
		C4792A55260B722D003C0A24 /* InputTextView.swift */ = {isa = PBXFileReference; lastKnownFileType = sourcecode.swift; path = InputTextView.swift; sourceTree = "<group>"; };
		C47B9AF4261603C100B3F3F3 /* CommentController.swift */ = {isa = PBXFileReference; lastKnownFileType = sourcecode.swift; path = CommentController.swift; sourceTree = "<group>"; };
		C47B9AF8261605B200B3F3F3 /* CommentCell.swift */ = {isa = PBXFileReference; lastKnownFileType = sourcecode.swift; path = CommentCell.swift; sourceTree = "<group>"; };
		C47C408326188FC000711DD8 /* CommentInputAccessoryView.swift */ = {isa = PBXFileReference; lastKnownFileType = sourcecode.swift; path = CommentInputAccessoryView.swift; sourceTree = "<group>"; };
		C47C40872618B0B100711DD8 /* CommentService.swift */ = {isa = PBXFileReference; lastKnownFileType = sourcecode.swift; path = CommentService.swift; sourceTree = "<group>"; };
		C49846EA25FF675500EDD2F2 /* FeedCell.swift */ = {isa = PBXFileReference; lastKnownFileType = sourcecode.swift; path = FeedCell.swift; sourceTree = "<group>"; };
		C49846F125FF689600EDD2F2 /* UIViewController.swift */ = {isa = PBXFileReference; fileEncoding = 4; lastKnownFileType = sourcecode.swift; path = UIViewController.swift; sourceTree = "<group>"; };
		C4A2C8D4260D931D00E85529 /* MockAuthService.swift */ = {isa = PBXFileReference; lastKnownFileType = sourcecode.swift; path = MockAuthService.swift; sourceTree = "<group>"; };
		C4C2EA182601AF6000FE2527 /* ImageUploader.swift */ = {isa = PBXFileReference; lastKnownFileType = sourcecode.swift; path = ImageUploader.swift; sourceTree = "<group>"; };
		C4C2EA1B2601AF6A00FE2527 /* AuthService.swift */ = {isa = PBXFileReference; lastKnownFileType = sourcecode.swift; path = AuthService.swift; sourceTree = "<group>"; };
		C4C2EA212601D75700FE2527 /* Constants.swift */ = {isa = PBXFileReference; lastKnownFileType = sourcecode.swift; path = Constants.swift; sourceTree = "<group>"; };
		C4C2EA2B2602383200FE2527 /* ProfileCell.swift */ = {isa = PBXFileReference; lastKnownFileType = sourcecode.swift; path = ProfileCell.swift; sourceTree = "<group>"; };
		C4C2EA2F2602394800FE2527 /* ProfileHeader.swift */ = {isa = PBXFileReference; lastKnownFileType = sourcecode.swift; path = ProfileHeader.swift; sourceTree = "<group>"; };
		C4C2EA352602418D00FE2527 /* CustomImageView.swift */ = {isa = PBXFileReference; lastKnownFileType = sourcecode.swift; path = CustomImageView.swift; sourceTree = "<group>"; };
		C4C2EA3826024E0800FE2527 /* CustomLabel.swift */ = {isa = PBXFileReference; lastKnownFileType = sourcecode.swift; path = CustomLabel.swift; sourceTree = "<group>"; };
		C4D7A2A8260355FA00E3D0D2 /* ProfileHeaderViewModel.swift */ = {isa = PBXFileReference; lastKnownFileType = sourcecode.swift; path = ProfileHeaderViewModel.swift; sourceTree = "<group>"; };
		DF809CC9C99F75A6C039E244 /* Pods_InstagramFirestore.framework */ = {isa = PBXFileReference; explicitFileType = wrapper.framework; includeInIndex = 0; path = Pods_InstagramFirestore.framework; sourceTree = BUILT_PRODUCTS_DIR; };
/* End PBXFileReference section */

/* Begin PBXFrameworksBuildPhase section */
		C40024BD25FF362300E5763A /* Frameworks */ = {
			isa = PBXFrameworksBuildPhase;
			buildActionMask = 2147483647;
			files = (
				6CC77D8092BB3ED0F3CFEAC9 /* Pods_InstagramFirestore.framework in Frameworks */,
			);
			runOnlyForDeploymentPostprocessing = 0;
		};
		C457CBC3260D8CF600D4651F /* Frameworks */ = {
			isa = PBXFrameworksBuildPhase;
			buildActionMask = 2147483647;
			files = (
				FED0B2D7BADEFA7B54AC5AF8 /* Pods_InstagramFirestoreTest.framework in Frameworks */,
			);
			runOnlyForDeploymentPostprocessing = 0;
		};
/* End PBXFrameworksBuildPhase section */

/* Begin PBXGroup section */
		B07DCA4E4D3DA38659587275 /* Pods */ = {
			isa = PBXGroup;
			children = (
				861EC29B60F3A7EC5A83AE8B /* Pods-InstagramFirestore.debug.xcconfig */,
				3CE584D449F96236B73C0B2E /* Pods-InstagramFirestore.release.xcconfig */,
				A8CCE8DAF33BEB456172969F /* Pods-InstagramFirestoreTest.debug.xcconfig */,
				4CD609C737CF20CCA7F43876 /* Pods-InstagramFirestoreTest.release.xcconfig */,
			);
			path = Pods;
			sourceTree = "<group>";
		};
		C40024B725FF362300E5763A = {
			isa = PBXGroup;
			children = (
				C46351A726171E3200EC18C8 /* .swiftlint.yml */,
				C40024C225FF362300E5763A /* InstagramFirestore */,
				C457CBC7260D8CF600D4651F /* InstagramFirestoreTest */,
				C40024C125FF362300E5763A /* Products */,
				B07DCA4E4D3DA38659587275 /* Pods */,
				CC2DD8A17015D29193570C7A /* Frameworks */,
			);
			sourceTree = "<group>";
		};
		C40024C125FF362300E5763A /* Products */ = {
			isa = PBXGroup;
			children = (
				C40024C025FF362300E5763A /* InstagramFirestore.app */,
				C457CBC6260D8CF600D4651F /* InstagramFirestoreTest.xctest */,
			);
			name = Products;
			sourceTree = "<group>";
		};
		C40024C225FF362300E5763A /* InstagramFirestore */ = {
			isa = PBXGroup;
			children = (
				C40024E125FF36B000E5763A /* Models */,
				C40024DE25FF369300E5763A /* Views */,
				C40024DA25FF365C00E5763A /* View Models */,
				C40024D925FF365300E5763A /* Controllers */,
				C40024E025FF36AD00E5763A /* API */,
				C40024E225FF36EE00E5763A /* Utils + Extensions */,
				C40024C325FF362300E5763A /* AppDelegate.swift */,
				C40024C525FF362300E5763A /* SceneDelegate.swift */,
				C4C2EA212601D75700FE2527 /* Constants.swift */,
				C40024CC25FF362500E5763A /* Assets.xcassets */,
				C40024CE25FF362500E5763A /* LaunchScreen.storyboard */,
				C40024D125FF362500E5763A /* Info.plist */,
				C462D4692601A11800469EC0 /* GoogleService-Info.plist */,
			);
			path = InstagramFirestore;
			sourceTree = "<group>";
		};
		C40024D925FF365300E5763A /* Controllers */ = {
			isa = PBXGroup;
			children = (
				C426D39425FFA5DC00AE15E9 /* Authentication */,
				C40024E425FF374A00E5763A /* MainTabController.swift */,
				C40024E725FF3B5E00E5763A /* FeedController.swift */,
				C40024EA25FF3B7000E5763A /* SearchController.swift */,
				C40024ED25FF3B8300E5763A /* ImageSelectorController.swift */,
				C40024F025FF3B8F00E5763A /* NotificationController.swift */,
				C40024F325FF3BA700E5763A /* ProfileController.swift */,
				C4792A52260B6E98003C0A24 /* UploadPostController.swift */,
				C47B9AF4261603C100B3F3F3 /* CommentController.swift */,
			);
			name = Controllers;
			path = "New Group/Controllers";
			sourceTree = "<group>";
		};
		C40024DA25FF365C00E5763A /* View Models */ = {
			isa = PBXGroup;
			children = (
				C4650EDA2600C76700D278A7 /* AuthenticationViewModel.swift */,
				C4D7A2A8260355FA00E3D0D2 /* ProfileHeaderViewModel.swift */,
				C46EB2D7260997C600E4FBF4 /* UserCellViewModel.swift */,
				C46CFCE9260CA038000AFAA3 /* PostViewModel.swift */,
				C43EAA6426199AD4006DD595 /* CommentViewModel.swift */,
				C468DC56261C24E000BDEAFA /* NotificationViewModel.swift */,
			);
			path = "View Models";
			sourceTree = "<group>";
		};
		C40024DE25FF369300E5763A /* Views */ = {
			isa = PBXGroup;
			children = (
				C4C2EA2E260238FF00FE2527 /* Profile */,
				C49846EA25FF675500EDD2F2 /* FeedCell.swift */,
				C46E05E4260053F600DF6945 /* CustomTextField.swift */,
				C4C2EA352602418D00FE2527 /* CustomImageView.swift */,
				C4C2EA3826024E0800FE2527 /* CustomLabel.swift */,
				C46EB2CD260983F200E4FBF4 /* UserCell.swift */,
				C47B9AF8261605B200B3F3F3 /* CommentCell.swift */,
				C47C408326188FC000711DD8 /* CommentInputAccessoryView.swift */,
				C4701396261AE5B500403478 /* NotificationCell.swift */,
			);
			path = Views;
			sourceTree = "<group>";
		};
		C40024E025FF36AD00E5763A /* API */ = {
			isa = PBXGroup;
			children = (
				C4C2EA182601AF6000FE2527 /* ImageUploader.swift */,
				C4C2EA1B2601AF6A00FE2527 /* AuthService.swift */,
				C460684726033FCE0066EA90 /* UserService.swift */,
				C46CFCE3260C53EF000AFAA3 /* PostService.swift */,
				C47C40872618B0B100711DD8 /* CommentService.swift */,
				C470139E261B1AB200403478 /* NotificationService.swift */,
			);
			path = API;
			sourceTree = "<group>";
		};
		C40024E125FF36B000E5763A /* Models */ = {
			isa = PBXGroup;
			children = (
				C4606875260343CB0066EA90 /* User.swift */,
				C46CFCE6260C913B000AFAA3 /* Post.swift */,
				C43EAA60261993B1006DD595 /* Comment.swift */,
				C470139A261B034D00403478 /* Notification.swift */,
			);
			path = Models;
			sourceTree = "<group>";
		};
		C40024E225FF36EE00E5763A /* Utils + Extensions */ = {
			isa = PBXGroup;
			children = (
				C49846F125FF689600EDD2F2 /* UIViewController.swift */,
				C46E05E826005AA800DF6945 /* UIButton.swift */,
				C4792A55260B722D003C0A24 /* InputTextView.swift */,
			);
			path = "Utils + Extensions";
			sourceTree = "<group>";
		};
		C426D39425FFA5DC00AE15E9 /* Authentication */ = {
			isa = PBXGroup;
			children = (
				C426D39525FFA5E600AE15E9 /* LoginController.swift */,
				C426D39825FFA5EF00AE15E9 /* RegisterController.swift */,
			);
			path = Authentication;
			sourceTree = "<group>";
		};
		C457CBC7260D8CF600D4651F /* InstagramFirestoreTest */ = {
			isa = PBXGroup;
			children = (
				C4A2C8D3260D930600E85529 /* Mocks */,
				C457CBC8260D8CF700D4651F /* InstagramFirestoreTest.swift */,
				C457CBCA260D8CF700D4651F /* Info.plist */,
			);
			path = InstagramFirestoreTest;
			sourceTree = "<group>";
		};
		C4A2C8D3260D930600E85529 /* Mocks */ = {
			isa = PBXGroup;
			children = (
				C4A2C8D4260D931D00E85529 /* MockAuthService.swift */,
			);
			path = Mocks;
			sourceTree = "<group>";
		};
		C4C2EA2E260238FF00FE2527 /* Profile */ = {
			isa = PBXGroup;
			children = (
				C4C2EA2B2602383200FE2527 /* ProfileCell.swift */,
				C4C2EA2F2602394800FE2527 /* ProfileHeader.swift */,
			);
			path = Profile;
			sourceTree = "<group>";
		};
		CC2DD8A17015D29193570C7A /* Frameworks */ = {
			isa = PBXGroup;
			children = (
				DF809CC9C99F75A6C039E244 /* Pods_InstagramFirestore.framework */,
				68BE9DF3489F9F0D44A4F4D7 /* Pods_InstagramFirestoreTest.framework */,
			);
			name = Frameworks;
			sourceTree = "<group>";
		};
/* End PBXGroup section */

/* Begin PBXNativeTarget section */
		C40024BF25FF362300E5763A /* InstagramFirestore */ = {
			isa = PBXNativeTarget;
			buildConfigurationList = C40024D425FF362500E5763A /* Build configuration list for PBXNativeTarget "InstagramFirestore" */;
			buildPhases = (
				C46352312617247C00EC18C8 /* SwiftLint */,
				9091B14EFC5A3854164344E4 /* [CP] Check Pods Manifest.lock */,
				C40024BC25FF362300E5763A /* Sources */,
				C40024BD25FF362300E5763A /* Frameworks */,
				C40024BE25FF362300E5763A /* Resources */,
				1417E04BC6A2207B7DD5693B /* [CP] Embed Pods Frameworks */,
			);
			buildRules = (
			);
			dependencies = (
			);
			name = InstagramFirestore;
			productName = InstagramFirestore;
			productReference = C40024C025FF362300E5763A /* InstagramFirestore.app */;
			productType = "com.apple.product-type.application";
		};
		C457CBC5260D8CF600D4651F /* InstagramFirestoreTest */ = {
			isa = PBXNativeTarget;
			buildConfigurationList = C457CBCD260D8CF700D4651F /* Build configuration list for PBXNativeTarget "InstagramFirestoreTest" */;
			buildPhases = (
				7E409BB5779DEB62537A28E2 /* [CP] Check Pods Manifest.lock */,
				C457CBC2260D8CF600D4651F /* Sources */,
				C457CBC3260D8CF600D4651F /* Frameworks */,
				C457CBC4260D8CF600D4651F /* Resources */,
				09433B01266FC4F89591E940 /* [CP] Embed Pods Frameworks */,
			);
			buildRules = (
			);
			dependencies = (
				C457CBCC260D8CF700D4651F /* PBXTargetDependency */,
			);
			name = InstagramFirestoreTest;
			productName = InstagramFirestoreTest;
			productReference = C457CBC6260D8CF600D4651F /* InstagramFirestoreTest.xctest */;
			productType = "com.apple.product-type.bundle.unit-test";
		};
/* End PBXNativeTarget section */

/* Begin PBXProject section */
		C40024B825FF362300E5763A /* Project object */ = {
			isa = PBXProject;
			attributes = {
				LastSwiftUpdateCheck = 1240;
				LastUpgradeCheck = 1240;
				TargetAttributes = {
					C40024BF25FF362300E5763A = {
						CreatedOnToolsVersion = 12.4;
					};
					C457CBC5260D8CF600D4651F = {
						CreatedOnToolsVersion = 12.4;
						TestTargetID = C40024BF25FF362300E5763A;
					};
				};
			};
			buildConfigurationList = C40024BB25FF362300E5763A /* Build configuration list for PBXProject "InstagramFirestore" */;
			compatibilityVersion = "Xcode 9.3";
			developmentRegion = en;
			hasScannedForEncodings = 0;
			knownRegions = (
				en,
				Base,
			);
			mainGroup = C40024B725FF362300E5763A;
			productRefGroup = C40024C125FF362300E5763A /* Products */;
			projectDirPath = "";
			projectRoot = "";
			targets = (
				C40024BF25FF362300E5763A /* InstagramFirestore */,
				C457CBC5260D8CF600D4651F /* InstagramFirestoreTest */,
			);
		};
/* End PBXProject section */

/* Begin PBXResourcesBuildPhase section */
		C40024BE25FF362300E5763A /* Resources */ = {
			isa = PBXResourcesBuildPhase;
			buildActionMask = 2147483647;
			files = (
				C46351A826171E3200EC18C8 /* .swiftlint.yml in Resources */,
				C40024D025FF362500E5763A /* LaunchScreen.storyboard in Resources */,
				C462D46A2601A11800469EC0 /* GoogleService-Info.plist in Resources */,
				C40024CD25FF362500E5763A /* Assets.xcassets in Resources */,
			);
			runOnlyForDeploymentPostprocessing = 0;
		};
		C457CBC4260D8CF600D4651F /* Resources */ = {
			isa = PBXResourcesBuildPhase;
			buildActionMask = 2147483647;
			files = (
			);
			runOnlyForDeploymentPostprocessing = 0;
		};
/* End PBXResourcesBuildPhase section */

/* Begin PBXShellScriptBuildPhase section */
		09433B01266FC4F89591E940 /* [CP] Embed Pods Frameworks */ = {
			isa = PBXShellScriptBuildPhase;
			buildActionMask = 2147483647;
			files = (
			);
			inputFileListPaths = (
				"${PODS_ROOT}/Target Support Files/Pods-InstagramFirestoreTest/Pods-InstagramFirestoreTest-frameworks-${CONFIGURATION}-input-files.xcfilelist",
			);
			name = "[CP] Embed Pods Frameworks";
			outputFileListPaths = (
				"${PODS_ROOT}/Target Support Files/Pods-InstagramFirestoreTest/Pods-InstagramFirestoreTest-frameworks-${CONFIGURATION}-output-files.xcfilelist",
			);
			runOnlyForDeploymentPostprocessing = 0;
			shellPath = /bin/sh;
			shellScript = "\"${PODS_ROOT}/Target Support Files/Pods-InstagramFirestoreTest/Pods-InstagramFirestoreTest-frameworks.sh\"\n";
			showEnvVarsInLog = 0;
		};
		1417E04BC6A2207B7DD5693B /* [CP] Embed Pods Frameworks */ = {
			isa = PBXShellScriptBuildPhase;
			buildActionMask = 2147483647;
			files = (
			);
			inputFileListPaths = (
				"${PODS_ROOT}/Target Support Files/Pods-InstagramFirestore/Pods-InstagramFirestore-frameworks-${CONFIGURATION}-input-files.xcfilelist",
			);
			name = "[CP] Embed Pods Frameworks";
			outputFileListPaths = (
				"${PODS_ROOT}/Target Support Files/Pods-InstagramFirestore/Pods-InstagramFirestore-frameworks-${CONFIGURATION}-output-files.xcfilelist",
			);
			runOnlyForDeploymentPostprocessing = 0;
			shellPath = /bin/sh;
			shellScript = "\"${PODS_ROOT}/Target Support Files/Pods-InstagramFirestore/Pods-InstagramFirestore-frameworks.sh\"\n";
			showEnvVarsInLog = 0;
		};
		7E409BB5779DEB62537A28E2 /* [CP] Check Pods Manifest.lock */ = {
			isa = PBXShellScriptBuildPhase;
			buildActionMask = 2147483647;
			files = (
			);
			inputFileListPaths = (
			);
			inputPaths = (
				"${PODS_PODFILE_DIR_PATH}/Podfile.lock",
				"${PODS_ROOT}/Manifest.lock",
			);
			name = "[CP] Check Pods Manifest.lock";
			outputFileListPaths = (
			);
			outputPaths = (
				"$(DERIVED_FILE_DIR)/Pods-InstagramFirestoreTest-checkManifestLockResult.txt",
			);
			runOnlyForDeploymentPostprocessing = 0;
			shellPath = /bin/sh;
			shellScript = "diff \"${PODS_PODFILE_DIR_PATH}/Podfile.lock\" \"${PODS_ROOT}/Manifest.lock\" > /dev/null\nif [ $? != 0 ] ; then\n    # print error to STDERR\n    echo \"error: The sandbox is not in sync with the Podfile.lock. Run 'pod install' or update your CocoaPods installation.\" >&2\n    exit 1\nfi\n# This output is used by Xcode 'outputs' to avoid re-running this script phase.\necho \"SUCCESS\" > \"${SCRIPT_OUTPUT_FILE_0}\"\n";
			showEnvVarsInLog = 0;
		};
		9091B14EFC5A3854164344E4 /* [CP] Check Pods Manifest.lock */ = {
			isa = PBXShellScriptBuildPhase;
			buildActionMask = 2147483647;
			files = (
			);
			inputFileListPaths = (
			);
			inputPaths = (
				"${PODS_PODFILE_DIR_PATH}/Podfile.lock",
				"${PODS_ROOT}/Manifest.lock",
			);
			name = "[CP] Check Pods Manifest.lock";
			outputFileListPaths = (
			);
			outputPaths = (
				"$(DERIVED_FILE_DIR)/Pods-InstagramFirestore-checkManifestLockResult.txt",
			);
			runOnlyForDeploymentPostprocessing = 0;
			shellPath = /bin/sh;
			shellScript = "diff \"${PODS_PODFILE_DIR_PATH}/Podfile.lock\" \"${PODS_ROOT}/Manifest.lock\" > /dev/null\nif [ $? != 0 ] ; then\n    # print error to STDERR\n    echo \"error: The sandbox is not in sync with the Podfile.lock. Run 'pod install' or update your CocoaPods installation.\" >&2\n    exit 1\nfi\n# This output is used by Xcode 'outputs' to avoid re-running this script phase.\necho \"SUCCESS\" > \"${SCRIPT_OUTPUT_FILE_0}\"\n";
			showEnvVarsInLog = 0;
		};
		C46352312617247C00EC18C8 /* SwiftLint */ = {
			isa = PBXShellScriptBuildPhase;
			buildActionMask = 2147483647;
			files = (
			);
			inputFileListPaths = (
			);
			inputPaths = (
			);
			name = SwiftLint;
			outputFileListPaths = (
			);
			outputPaths = (
			);
			runOnlyForDeploymentPostprocessing = 0;
			shellPath = /bin/sh;
			shellScript = "if which swiftlint >/dev/null; then\n  swiftlint autocorrect && swiftlint\nelse\n  echo \"warning: SwiftLint not installed, download from https://github.com/realm/SwiftLint\"\nfi\n";
		};
/* End PBXShellScriptBuildPhase section */

/* Begin PBXSourcesBuildPhase section */
		C40024BC25FF362300E5763A /* Sources */ = {
			isa = PBXSourcesBuildPhase;
			buildActionMask = 2147483647;
			files = (
				C46CFCE4260C53EF000AFAA3 /* PostService.swift in Sources */,
				C46E05E5260053F600DF6945 /* CustomTextField.swift in Sources */,
				C4792A53260B6E98003C0A24 /* UploadPostController.swift in Sources */,
				C4C2EA192601AF6000FE2527 /* ImageUploader.swift in Sources */,
				C4701397261AE5B500403478 /* NotificationCell.swift in Sources */,
				C4606876260343CB0066EA90 /* User.swift in Sources */,
				C47B9AF12615E7D900B3F3F3 /* PostViewModel.swift in Sources */,
				C47C408426188FC000711DD8 /* CommentInputAccessoryView.swift in Sources */,
				C4C2EA1C2601AF6A00FE2527 /* AuthService.swift in Sources */,
				C4792A56260B722D003C0A24 /* InputTextView.swift in Sources */,
				C46EB2CE260983F200E4FBF4 /* UserCell.swift in Sources */,
				C426D39925FFA5EF00AE15E9 /* RegisterController.swift in Sources */,
				C4C2EA3326023CBA00FE2527 /* ProfileCell.swift in Sources */,
				C46CFCE7260C913B000AFAA3 /* Post.swift in Sources */,
				C4C2EA362602418D00FE2527 /* CustomImageView.swift in Sources */,
				C46EB2D8260997C600E4FBF4 /* UserCellViewModel.swift in Sources */,
				C426D39625FFA5E600AE15E9 /* LoginController.swift in Sources */,
				C468DC5C261C2DE400BDEAFA /* NotificationViewModel.swift in Sources */,
				C4650EE02600D07600D278A7 /* AuthenticationViewModel.swift in Sources */,
				C49846EB25FF675500EDD2F2 /* FeedCell.swift in Sources */,
				C46E05E926005AA800DF6945 /* UIButton.swift in Sources */,
				C40024EE25FF3B8300E5763A /* ImageSelectorController.swift in Sources */,
				C43EAA61261993B1006DD595 /* Comment.swift in Sources */,
				C47B9AF5261603C100B3F3F3 /* CommentController.swift in Sources */,
				C4D7A2A9260355FA00E3D0D2 /* ProfileHeaderViewModel.swift in Sources */,
				C470139F261B1AB200403478 /* NotificationService.swift in Sources */,
				C47B9AF9261605B200B3F3F3 /* CommentCell.swift in Sources */,
				C40024F125FF3B8F00E5763A /* NotificationController.swift in Sources */,
				C40024EB25FF3B7000E5763A /* SearchController.swift in Sources */,
				C4C2EA302602394800FE2527 /* ProfileHeader.swift in Sources */,
				C4C2EA3E26024FC500FE2527 /* CustomLabel.swift in Sources */,
				C43EAA6526199AD4006DD595 /* CommentViewModel.swift in Sources */,
				C40024C425FF362300E5763A /* AppDelegate.swift in Sources */,
				C40024F425FF3BA700E5763A /* ProfileController.swift in Sources */,
				C40024E825FF3B5E00E5763A /* FeedController.swift in Sources */,
				C460684826033FCE0066EA90 /* UserService.swift in Sources */,
				C47C40882618B0B100711DD8 /* CommentService.swift in Sources */,
				C40024E525FF374A00E5763A /* MainTabController.swift in Sources */,
				C470139B261B034D00403478 /* Notification.swift in Sources */,
				C49846F225FF689600EDD2F2 /* UIViewController.swift in Sources */,
				C40024C625FF362300E5763A /* SceneDelegate.swift in Sources */,
				C4606850260340C90066EA90 /* Constants.swift in Sources */,
			);
			runOnlyForDeploymentPostprocessing = 0;
		};
		C457CBC2260D8CF600D4651F /* Sources */ = {
			isa = PBXSourcesBuildPhase;
			buildActionMask = 2147483647;
			files = (
				C457CBC9260D8CF700D4651F /* InstagramFirestoreTest.swift in Sources */,
				C4A2C8D5260D931D00E85529 /* MockAuthService.swift in Sources */,
			);
			runOnlyForDeploymentPostprocessing = 0;
		};
/* End PBXSourcesBuildPhase section */

/* Begin PBXTargetDependency section */
		C457CBCC260D8CF700D4651F /* PBXTargetDependency */ = {
			isa = PBXTargetDependency;
			target = C40024BF25FF362300E5763A /* InstagramFirestore */;
			targetProxy = C457CBCB260D8CF700D4651F /* PBXContainerItemProxy */;
		};
/* End PBXTargetDependency section */

/* Begin PBXVariantGroup section */
		C40024CE25FF362500E5763A /* LaunchScreen.storyboard */ = {
			isa = PBXVariantGroup;
			children = (
				C40024CF25FF362500E5763A /* Base */,
			);
			name = LaunchScreen.storyboard;
			sourceTree = "<group>";
		};
/* End PBXVariantGroup section */

/* Begin XCBuildConfiguration section */
		C40024D225FF362500E5763A /* Debug */ = {
			isa = XCBuildConfiguration;
			buildSettings = {
				ALWAYS_SEARCH_USER_PATHS = NO;
				CLANG_ANALYZER_NONNULL = YES;
				CLANG_ANALYZER_NUMBER_OBJECT_CONVERSION = YES_AGGRESSIVE;
				CLANG_CXX_LANGUAGE_STANDARD = "gnu++14";
				CLANG_CXX_LIBRARY = "libc++";
				CLANG_ENABLE_MODULES = YES;
				CLANG_ENABLE_OBJC_ARC = YES;
				CLANG_ENABLE_OBJC_WEAK = YES;
				CLANG_WARN_BLOCK_CAPTURE_AUTORELEASING = YES;
				CLANG_WARN_BOOL_CONVERSION = YES;
				CLANG_WARN_COMMA = YES;
				CLANG_WARN_CONSTANT_CONVERSION = YES;
				CLANG_WARN_DEPRECATED_OBJC_IMPLEMENTATIONS = YES;
				CLANG_WARN_DIRECT_OBJC_ISA_USAGE = YES_ERROR;
				CLANG_WARN_DOCUMENTATION_COMMENTS = YES;
				CLANG_WARN_EMPTY_BODY = YES;
				CLANG_WARN_ENUM_CONVERSION = YES;
				CLANG_WARN_INFINITE_RECURSION = YES;
				CLANG_WARN_INT_CONVERSION = YES;
				CLANG_WARN_NON_LITERAL_NULL_CONVERSION = YES;
				CLANG_WARN_OBJC_IMPLICIT_RETAIN_SELF = YES;
				CLANG_WARN_OBJC_LITERAL_CONVERSION = YES;
				CLANG_WARN_OBJC_ROOT_CLASS = YES_ERROR;
				CLANG_WARN_QUOTED_INCLUDE_IN_FRAMEWORK_HEADER = YES;
				CLANG_WARN_RANGE_LOOP_ANALYSIS = YES;
				CLANG_WARN_STRICT_PROTOTYPES = YES;
				CLANG_WARN_SUSPICIOUS_MOVE = YES;
				CLANG_WARN_UNGUARDED_AVAILABILITY = YES_AGGRESSIVE;
				CLANG_WARN_UNREACHABLE_CODE = YES;
				CLANG_WARN__DUPLICATE_METHOD_MATCH = YES;
				COPY_PHASE_STRIP = NO;
				DEBUG_INFORMATION_FORMAT = dwarf;
				ENABLE_STRICT_OBJC_MSGSEND = YES;
				ENABLE_TESTABILITY = YES;
				GCC_C_LANGUAGE_STANDARD = gnu11;
				GCC_DYNAMIC_NO_PIC = NO;
				GCC_NO_COMMON_BLOCKS = YES;
				GCC_OPTIMIZATION_LEVEL = 0;
				GCC_PREPROCESSOR_DEFINITIONS = (
					"DEBUG=1",
					"$(inherited)",
				);
				GCC_WARN_64_TO_32_BIT_CONVERSION = YES;
				GCC_WARN_ABOUT_RETURN_TYPE = YES_ERROR;
				GCC_WARN_UNDECLARED_SELECTOR = YES;
				GCC_WARN_UNINITIALIZED_AUTOS = YES_AGGRESSIVE;
				GCC_WARN_UNUSED_FUNCTION = YES;
				GCC_WARN_UNUSED_VARIABLE = YES;
				IPHONEOS_DEPLOYMENT_TARGET = 14.4;
				MTL_ENABLE_DEBUG_INFO = INCLUDE_SOURCE;
				MTL_FAST_MATH = YES;
				ONLY_ACTIVE_ARCH = YES;
				SDKROOT = iphoneos;
				SWIFT_ACTIVE_COMPILATION_CONDITIONS = DEBUG;
				SWIFT_OPTIMIZATION_LEVEL = "-Onone";
			};
			name = Debug;
		};
		C40024D325FF362500E5763A /* Release */ = {
			isa = XCBuildConfiguration;
			buildSettings = {
				ALWAYS_SEARCH_USER_PATHS = NO;
				CLANG_ANALYZER_NONNULL = YES;
				CLANG_ANALYZER_NUMBER_OBJECT_CONVERSION = YES_AGGRESSIVE;
				CLANG_CXX_LANGUAGE_STANDARD = "gnu++14";
				CLANG_CXX_LIBRARY = "libc++";
				CLANG_ENABLE_MODULES = YES;
				CLANG_ENABLE_OBJC_ARC = YES;
				CLANG_ENABLE_OBJC_WEAK = YES;
				CLANG_WARN_BLOCK_CAPTURE_AUTORELEASING = YES;
				CLANG_WARN_BOOL_CONVERSION = YES;
				CLANG_WARN_COMMA = YES;
				CLANG_WARN_CONSTANT_CONVERSION = YES;
				CLANG_WARN_DEPRECATED_OBJC_IMPLEMENTATIONS = YES;
				CLANG_WARN_DIRECT_OBJC_ISA_USAGE = YES_ERROR;
				CLANG_WARN_DOCUMENTATION_COMMENTS = YES;
				CLANG_WARN_EMPTY_BODY = YES;
				CLANG_WARN_ENUM_CONVERSION = YES;
				CLANG_WARN_INFINITE_RECURSION = YES;
				CLANG_WARN_INT_CONVERSION = YES;
				CLANG_WARN_NON_LITERAL_NULL_CONVERSION = YES;
				CLANG_WARN_OBJC_IMPLICIT_RETAIN_SELF = YES;
				CLANG_WARN_OBJC_LITERAL_CONVERSION = YES;
				CLANG_WARN_OBJC_ROOT_CLASS = YES_ERROR;
				CLANG_WARN_QUOTED_INCLUDE_IN_FRAMEWORK_HEADER = YES;
				CLANG_WARN_RANGE_LOOP_ANALYSIS = YES;
				CLANG_WARN_STRICT_PROTOTYPES = YES;
				CLANG_WARN_SUSPICIOUS_MOVE = YES;
				CLANG_WARN_UNGUARDED_AVAILABILITY = YES_AGGRESSIVE;
				CLANG_WARN_UNREACHABLE_CODE = YES;
				CLANG_WARN__DUPLICATE_METHOD_MATCH = YES;
				COPY_PHASE_STRIP = NO;
				DEBUG_INFORMATION_FORMAT = "dwarf-with-dsym";
				ENABLE_NS_ASSERTIONS = NO;
				ENABLE_STRICT_OBJC_MSGSEND = YES;
				GCC_C_LANGUAGE_STANDARD = gnu11;
				GCC_NO_COMMON_BLOCKS = YES;
				GCC_WARN_64_TO_32_BIT_CONVERSION = YES;
				GCC_WARN_ABOUT_RETURN_TYPE = YES_ERROR;
				GCC_WARN_UNDECLARED_SELECTOR = YES;
				GCC_WARN_UNINITIALIZED_AUTOS = YES_AGGRESSIVE;
				GCC_WARN_UNUSED_FUNCTION = YES;
				GCC_WARN_UNUSED_VARIABLE = YES;
				IPHONEOS_DEPLOYMENT_TARGET = 14.4;
				MTL_ENABLE_DEBUG_INFO = NO;
				MTL_FAST_MATH = YES;
				SDKROOT = iphoneos;
				SWIFT_COMPILATION_MODE = wholemodule;
				SWIFT_OPTIMIZATION_LEVEL = "-O";
				VALIDATE_PRODUCT = YES;
			};
			name = Release;
		};
		C40024D525FF362500E5763A /* Debug */ = {
			isa = XCBuildConfiguration;
			baseConfigurationReference = 861EC29B60F3A7EC5A83AE8B /* Pods-InstagramFirestore.debug.xcconfig */;
			buildSettings = {
				ASSETCATALOG_COMPILER_APPICON_NAME = AppIcon;
				ASSETCATALOG_COMPILER_GLOBAL_ACCENT_COLOR_NAME = AccentColor;
				CODE_SIGN_STYLE = Automatic;
				DEVELOPMENT_TEAM = ULD7V9KAD3;
				INFOPLIST_FILE = InstagramFirestore/Info.plist;
				LD_RUNPATH_SEARCH_PATHS = (
					"$(inherited)",
					"@executable_path/Frameworks",
				);
				PRODUCT_BUNDLE_IDENTIFIER = com.myrondulay.InstagramFirestore1;
				PRODUCT_NAME = "$(TARGET_NAME)";
				SWIFT_VERSION = 5.0;
				TARGETED_DEVICE_FAMILY = "1,2";
			};
			name = Debug;
		};
		C40024D625FF362500E5763A /* Release */ = {
			isa = XCBuildConfiguration;
			baseConfigurationReference = 3CE584D449F96236B73C0B2E /* Pods-InstagramFirestore.release.xcconfig */;
			buildSettings = {
				ASSETCATALOG_COMPILER_APPICON_NAME = AppIcon;
				ASSETCATALOG_COMPILER_GLOBAL_ACCENT_COLOR_NAME = AccentColor;
				CODE_SIGN_STYLE = Automatic;
				DEVELOPMENT_TEAM = ULD7V9KAD3;
				INFOPLIST_FILE = InstagramFirestore/Info.plist;
				LD_RUNPATH_SEARCH_PATHS = (
					"$(inherited)",
					"@executable_path/Frameworks",
				);
				PRODUCT_BUNDLE_IDENTIFIER = com.myrondulay.InstagramFirestore1;
				PRODUCT_NAME = "$(TARGET_NAME)";
				SWIFT_VERSION = 5.0;
				TARGETED_DEVICE_FAMILY = "1,2";
			};
			name = Release;
		};
		C457CBCE260D8CF700D4651F /* Debug */ = {
			isa = XCBuildConfiguration;
			baseConfigurationReference = A8CCE8DAF33BEB456172969F /* Pods-InstagramFirestoreTest.debug.xcconfig */;
			buildSettings = {
				BUNDLE_LOADER = "$(TEST_HOST)";
				CODE_SIGN_STYLE = Automatic;
				DEVELOPMENT_TEAM = ULD7V9KAD3;
				INFOPLIST_FILE = InstagramFirestoreTest/Info.plist;
				LD_RUNPATH_SEARCH_PATHS = (
					"$(inherited)",
					"@executable_path/Frameworks",
					"@loader_path/Frameworks",
				);
				PRODUCT_BUNDLE_IDENTIFIER = com.myrondulay.InstagramFirestoreTest;
				PRODUCT_NAME = "$(TARGET_NAME)";
				SWIFT_VERSION = 5.0;
				TARGETED_DEVICE_FAMILY = "1,2";
				TEST_HOST = "$(BUILT_PRODUCTS_DIR)/InstagramFirestore.app/InstagramFirestore";
			};
			name = Debug;
		};
		C457CBCF260D8CF700D4651F /* Release */ = {
			isa = XCBuildConfiguration;
			baseConfigurationReference = 4CD609C737CF20CCA7F43876 /* Pods-InstagramFirestoreTest.release.xcconfig */;
			buildSettings = {
				BUNDLE_LOADER = "$(TEST_HOST)";
				CODE_SIGN_STYLE = Automatic;
				DEVELOPMENT_TEAM = ULD7V9KAD3;
				INFOPLIST_FILE = InstagramFirestoreTest/Info.plist;
				LD_RUNPATH_SEARCH_PATHS = (
					"$(inherited)",
					"@executable_path/Frameworks",
					"@loader_path/Frameworks",
				);
				PRODUCT_BUNDLE_IDENTIFIER = com.myrondulay.InstagramFirestoreTest;
				PRODUCT_NAME = "$(TARGET_NAME)";
				SWIFT_VERSION = 5.0;
				TARGETED_DEVICE_FAMILY = "1,2";
				TEST_HOST = "$(BUILT_PRODUCTS_DIR)/InstagramFirestore.app/InstagramFirestore";
			};
			name = Release;
		};
/* End XCBuildConfiguration section */

/* Begin XCConfigurationList section */
		C40024BB25FF362300E5763A /* Build configuration list for PBXProject "InstagramFirestore" */ = {
			isa = XCConfigurationList;
			buildConfigurations = (
				C40024D225FF362500E5763A /* Debug */,
				C40024D325FF362500E5763A /* Release */,
			);
			defaultConfigurationIsVisible = 0;
			defaultConfigurationName = Release;
		};
		C40024D425FF362500E5763A /* Build configuration list for PBXNativeTarget "InstagramFirestore" */ = {
			isa = XCConfigurationList;
			buildConfigurations = (
				C40024D525FF362500E5763A /* Debug */,
				C40024D625FF362500E5763A /* Release */,
			);
			defaultConfigurationIsVisible = 0;
			defaultConfigurationName = Release;
		};
		C457CBCD260D8CF700D4651F /* Build configuration list for PBXNativeTarget "InstagramFirestoreTest" */ = {
			isa = XCConfigurationList;
			buildConfigurations = (
				C457CBCE260D8CF700D4651F /* Debug */,
				C457CBCF260D8CF700D4651F /* Release */,
			);
			defaultConfigurationIsVisible = 0;
			defaultConfigurationName = Release;
		};
/* End XCConfigurationList section */
	};
	rootObject = C40024B825FF362300E5763A /* Project object */;
}
